
Microsoft Visual Studio Solution File, Format Version 12.00
# Visual Studio 15
Project("{FAE04EC0-301F-11D3-BF4B-00C04F79EFBC}") = "Wings.Investment", "Wings.Investment\Wings.Investment.csproj", "{6EA2F150-1EF2-4529-A889-8721FA9A5863}"
EndProject
Project("{FAE04EC0-301F-11D3-BF4B-00C04F79EFBC}") = "Wings.Core", "Wings.Core\Wings.Core.csproj", "{815A99C0-8784-4DC3-A1B9-B7E3E82EB1EA}"
EndProject
Global
	GlobalSection(SolutionConfigurationPlatforms) = preSolution
		Debug|Any CPU = Debug|Any CPU
		Release|Any CPU = Release|Any CPU
	EndGlobalSection
	GlobalSection(ProjectConfigurationPlatforms) = postSolution
		{6EA2F150-1EF2-4529-A889-8721FA9A5863}.Debug|Any CPU.ActiveCfg = Debug|Any CPU
		{6EA2F150-1EF2-4529-A889-8721FA9A5863}.Debug|Any CPU.Build.0 = Debug|Any CPU
		{6EA2F150-1EF2-4529-A889-8721FA9A5863}.Release|Any CPU.ActiveCfg = Release|Any CPU
		{6EA2F150-1EF2-4529-A889-8721FA9A5863}.Release|Any CPU.Build.0 = Release|Any CPU
		{815A99C0-8784-4DC3-A1B9-B7E3E82EB1EA}.Debug|Any CPU.ActiveCfg = Debug|Any CPU
		{815A99C0-8784-4DC3-A1B9-B7E3E82EB1EA}.Debug|Any CPU.Build.0 = Debug|Any CPU
		{815A99C0-8784-4DC3-A1B9-B7E3E82EB1EA}.Release|Any CPU.ActiveCfg = Release|Any CPU
		{815A99C0-8784-4DC3-A1B9-B7E3E82EB1EA}.Release|Any CPU.Build.0 = Release|Any CPU
	EndGlobalSection
EndGlobal
